
Microsoft Visual Studio Solution File, Format Version 12.00
Project("{FAE04EC0-301F-11D3-BF4B-00C04F79EFBC}") = "Tennis", "Tennis\Tennis.csproj", "{E672300C-9EB6-421A-8A7A-A0728BCACFAD}"
EndProject
Global
	GlobalSection(SolutionConfigurationPlatforms) = preSolution
		Debug|Any CPU = Debug|Any CPU
		Release|Any CPU = Release|Any CPU
	EndGlobalSection
	GlobalSection(ProjectConfigurationPlatforms) = postSolution
		{E672300C-9EB6-421A-8A7A-A0728BCACFAD}.Debug|Any CPU.ActiveCfg = Debug|Any CPU
		{E672300C-9EB6-421A-8A7A-A0728BCACFAD}.Debug|Any CPU.Build.0 = Debug|Any CPU
		{E672300C-9EB6-421A-8A7A-A0728BCACFAD}.Release|Any CPU.ActiveCfg = Release|Any CPU
		{E672300C-9EB6-421A-8A7A-A0728BCACFAD}.Release|Any CPU.Build.0 = Release|Any CPU
	EndGlobalSection
EndGlobal
